// !$*UTF8*$!
{
	archiveVersion = 1;
	classes = {
	};
	objectVersion = 50;
	objects = {

/* Begin PBXBuildFile section */
		4FD530E22B90AED500086081 /* filesystem.js in Resources */ = {isa = PBXBuildFile; fileRef = 4FD530E12B90AED500086081 /* filesystem.js */; };
		D26E9CC2278A34EA001C1EFD /* TestJSClassGenerator.cpp in Sources */ = {isa = PBXBuildFile; fileRef = D26E9CC0278A34EA001C1EFD /* TestJSClassGenerator.cpp */; };
		D26E9E31278A3E7C001C1EFD /* README.md in Resources */ = {isa = PBXBuildFile; fileRef = D26E9DAD278A3E7B001C1EFD /* README.md */; };
		D26E9E48278A3E7C001C1EFD /* gtest-all.cc in Sources */ = {isa = PBXBuildFile; fileRef = D26E9DD7278A3E7C001C1EFD /* gtest-all.cc */; };
		D26E9EB427A1ECD2001C1EFD /* CodeGenerator.cpp in Sources */ = {isa = PBXBuildFile; fileRef = D26E9EAE27A1ECD2001C1EFD /* CodeGenerator.cpp */; };
		D26E9EB527A1ECD2001C1EFD /* CodeGenerator.cpp in Sources */ = {isa = PBXBuildFile; fileRef = D26E9EAE27A1ECD2001C1EFD /* CodeGenerator.cpp */; };
		D26E9EB627A1ECD2001C1EFD /* Bridge.cpp in Sources */ = {isa = PBXBuildFile; fileRef = D26E9EB227A1ECD2001C1EFD /* Bridge.cpp */; };
		D26E9EB727A1ECD2001C1EFD /* Bridge.cpp in Sources */ = {isa = PBXBuildFile; fileRef = D26E9EB227A1ECD2001C1EFD /* Bridge.cpp */; };
		D26E9EB827A1ECD2001C1EFD /* WKJSBridgeCommunicator.mm in Sources */ = {isa = PBXBuildFile; fileRef = D26E9EB327A1ECD2001C1EFD /* WKJSBridgeCommunicator.mm */; };
		D26E9EB927A1ECD2001C1EFD /* WKJSBridgeCommunicator.mm in Sources */ = {isa = PBXBuildFile; fileRef = D26E9EB327A1ECD2001C1EFD /* WKJSBridgeCommunicator.mm */; };
		D26E9ECD27A1EF62001C1EFD /* functionsTests.cpp in Sources */ = {isa = PBXBuildFile; fileRef = D26E9ECB27A1EF62001C1EFD /* functionsTests.cpp */; };
		D28CDDDB277DD797009901AC /* AppDelegate.m in Sources */ = {isa = PBXBuildFile; fileRef = D28CDDDA277DD797009901AC /* AppDelegate.m */; };
		D28CDDE0277DD79F009901AC /* Assets.xcassets in Resources */ = {isa = PBXBuildFile; fileRef = D28CDDDF277DD79F009901AC /* Assets.xcassets */; };
		D28CDDE3277DD79F009901AC /* Main.storyboard in Resources */ = {isa = PBXBuildFile; fileRef = D28CDDE1277DD79F009901AC /* Main.storyboard */; };
		D28CDDE6277DD79F009901AC /* main.m in Sources */ = {isa = PBXBuildFile; fileRef = D28CDDE5277DD79F009901AC /* main.m */; };
		D28CDDF1277DD7A0009901AC /* BridgeExperimentTests.mm in Sources */ = {isa = PBXBuildFile; fileRef = D28CDDF0277DD7A0009901AC /* BridgeExperimentTests.mm */; };
		D28CDDFC277DD7A0009901AC /* BridgeExperimentUITests.m in Sources */ = {isa = PBXBuildFile; fileRef = D28CDDFB277DD7A0009901AC /* BridgeExperimentUITests.m */; };
		D28CDE17277DD8D5009901AC /* index.html in Resources */ = {isa = PBXBuildFile; fileRef = D28CDE0F277DD8D4009901AC /* index.html */; };
		D28CDE18277DD8D5009901AC /* ViewController.mm in Sources */ = {isa = PBXBuildFile; fileRef = D28CDE10277DD8D4009901AC /* ViewController.mm */; };
		D28CDE31277DD963009901AC /* WebKit.framework in Frameworks */ = {isa = PBXBuildFile; fileRef = D28CDE30277DD963009901AC /* WebKit.framework */; };
		D2DFDC9627B030A400CFCD8D /* SignatureTests.cpp in Sources */ = {isa = PBXBuildFile; fileRef = D2DFDC9527B030A400CFCD8D /* SignatureTests.cpp */; };
		D2DFDCA727BC49E300CFCD8D /* class_Tests.cpp in Sources */ = {isa = PBXBuildFile; fileRef = D2DFDCA627BC49E300CFCD8D /* class_Tests.cpp */; };
		D2DFDCAC27BC49EC00CFCD8D /* valTests.cpp in Sources */ = {isa = PBXBuildFile; fileRef = D2DFDCAB27BC49EC00CFCD8D /* valTests.cpp */; };
/* End PBXBuildFile section */

/* Begin PBXContainerItemProxy section */
		D28CDDED277DD7A0009901AC /* PBXContainerItemProxy */ = {
			isa = PBXContainerItemProxy;
			containerPortal = D28CDDCE277DD797009901AC /* Project object */;
			proxyType = 1;
			remoteGlobalIDString = D28CDDD5277DD797009901AC;
			remoteInfo = BridgeExperiment;
		};
		D28CDDF8277DD7A0009901AC /* PBXContainerItemProxy */ = {
			isa = PBXContainerItemProxy;
			containerPortal = D28CDDCE277DD797009901AC /* Project object */;
			proxyType = 1;
			remoteGlobalIDString = D28CDDD5277DD797009901AC;
			remoteInfo = BridgeExperiment;
		};
/* End PBXContainerItemProxy section */

/* Begin PBXFileReference section */
		35F2FD3A277DDD2900344720 /* README.md */ = {isa = PBXFileReference; lastKnownFileType = net.daringfireball.markdown; name = README.md; path = ../README.md; sourceTree = "<group>"; };
		4F0242792B9612A90083B22D /* filesystem.hpp */ = {isa = PBXFileReference; fileEncoding = 4; lastKnownFileType = sourcecode.cpp.h; path = filesystem.hpp; sourceTree = "<group>"; };
		4FD530E12B90AED500086081 /* filesystem.js */ = {isa = PBXFileReference; fileEncoding = 4; lastKnownFileType = sourcecode.javascript; path = filesystem.js; sourceTree = "<group>"; };
		D26E9CC0278A34EA001C1EFD /* TestJSClassGenerator.cpp */ = {isa = PBXFileReference; lastKnownFileType = sourcecode.cpp.cpp; name = TestJSClassGenerator.cpp; path = ../../tests/TestJSClassGenerator.cpp; sourceTree = "<group>"; };
		D26E9D9F278A3E7B001C1EFD /* gtest-matchers.h */ = {isa = PBXFileReference; fileEncoding = 4; lastKnownFileType = sourcecode.c.h; path = "gtest-matchers.h"; sourceTree = "<group>"; };
		D26E9DA0278A3E7B001C1EFD /* gtest-death-test.h */ = {isa = PBXFileReference; fileEncoding = 4; lastKnownFileType = sourcecode.c.h; path = "gtest-death-test.h"; sourceTree = "<group>"; };
		D26E9DA1278A3E7B001C1EFD /* gtest-spi.h */ = {isa = PBXFileReference; fileEncoding = 4; lastKnownFileType = sourcecode.c.h; path = "gtest-spi.h"; sourceTree = "<group>"; };
		D26E9DA3278A3E7B001C1EFD /* gtest-string.h */ = {isa = PBXFileReference; fileEncoding = 4; lastKnownFileType = sourcecode.c.h; path = "gtest-string.h"; sourceTree = "<group>"; };
		D26E9DA4278A3E7B001C1EFD /* gtest-death-test-internal.h */ = {isa = PBXFileReference; fileEncoding = 4; lastKnownFileType = sourcecode.c.h; path = "gtest-death-test-internal.h"; sourceTree = "<group>"; };
		D26E9DA5278A3E7B001C1EFD /* gtest-port.h */ = {isa = PBXFileReference; fileEncoding = 4; lastKnownFileType = sourcecode.c.h; path = "gtest-port.h"; sourceTree = "<group>"; };
		D26E9DA6278A3E7B001C1EFD /* gtest-port-arch.h */ = {isa = PBXFileReference; fileEncoding = 4; lastKnownFileType = sourcecode.c.h; path = "gtest-port-arch.h"; sourceTree = "<group>"; };
		D26E9DA7278A3E7B001C1EFD /* gtest-internal.h */ = {isa = PBXFileReference; fileEncoding = 4; lastKnownFileType = sourcecode.c.h; path = "gtest-internal.h"; sourceTree = "<group>"; };
		D26E9DA8278A3E7B001C1EFD /* gtest-param-util.h */ = {isa = PBXFileReference; fileEncoding = 4; lastKnownFileType = sourcecode.c.h; path = "gtest-param-util.h"; sourceTree = "<group>"; };
		D26E9DA9278A3E7B001C1EFD /* gtest-type-util.h */ = {isa = PBXFileReference; fileEncoding = 4; lastKnownFileType = sourcecode.c.h; path = "gtest-type-util.h"; sourceTree = "<group>"; };
		D26E9DAA278A3E7B001C1EFD /* gtest-filepath.h */ = {isa = PBXFileReference; fileEncoding = 4; lastKnownFileType = sourcecode.c.h; path = "gtest-filepath.h"; sourceTree = "<group>"; };
		D26E9DAC278A3E7B001C1EFD /* gtest-port.h */ = {isa = PBXFileReference; fileEncoding = 4; lastKnownFileType = sourcecode.c.h; path = "gtest-port.h"; sourceTree = "<group>"; };
		D26E9DAD278A3E7B001C1EFD /* README.md */ = {isa = PBXFileReference; fileEncoding = 4; lastKnownFileType = net.daringfireball.markdown; path = README.md; sourceTree = "<group>"; };
		D26E9DAE278A3E7B001C1EFD /* gtest.h */ = {isa = PBXFileReference; fileEncoding = 4; lastKnownFileType = sourcecode.c.h; path = gtest.h; sourceTree = "<group>"; };
		D26E9DAF278A3E7B001C1EFD /* gtest-printers.h */ = {isa = PBXFileReference; fileEncoding = 4; lastKnownFileType = sourcecode.c.h; path = "gtest-printers.h"; sourceTree = "<group>"; };
		D26E9DB0278A3E7B001C1EFD /* gtest-message.h */ = {isa = PBXFileReference; fileEncoding = 4; lastKnownFileType = sourcecode.c.h; path = "gtest-message.h"; sourceTree = "<group>"; };
		D26E9DB1278A3E7B001C1EFD /* gtest-param-test.h */ = {isa = PBXFileReference; fileEncoding = 4; lastKnownFileType = sourcecode.c.h; path = "gtest-param-test.h"; sourceTree = "<group>"; };
		D26E9DB2278A3E7B001C1EFD /* gtest-typed-test.h */ = {isa = PBXFileReference; fileEncoding = 4; lastKnownFileType = sourcecode.c.h; path = "gtest-typed-test.h"; sourceTree = "<group>"; };
		D26E9DB3278A3E7B001C1EFD /* gtest_pred_impl.h */ = {isa = PBXFileReference; fileEncoding = 4; lastKnownFileType = sourcecode.c.h; path = gtest_pred_impl.h; sourceTree = "<group>"; };
		D26E9DB4278A3E7B001C1EFD /* gtest_prod.h */ = {isa = PBXFileReference; fileEncoding = 4; lastKnownFileType = sourcecode.c.h; path = gtest_prod.h; sourceTree = "<group>"; };
		D26E9DB5278A3E7B001C1EFD /* gtest-test-part.h */ = {isa = PBXFileReference; fileEncoding = 4; lastKnownFileType = sourcecode.c.h; path = "gtest-test-part.h"; sourceTree = "<group>"; };
		D26E9DB6278A3E7B001C1EFD /* gtest.h */ = {isa = PBXFileReference; fileEncoding = 4; lastKnownFileType = sourcecode.c.h; path = gtest.h; sourceTree = "<group>"; };
		D26E9DB7278A3E7B001C1EFD /* gtest-printers.h */ = {isa = PBXFileReference; fileEncoding = 4; lastKnownFileType = sourcecode.c.h; path = "gtest-printers.h"; sourceTree = "<group>"; };
		D26E9DD7278A3E7C001C1EFD /* gtest-all.cc */ = {isa = PBXFileReference; fileEncoding = 4; lastKnownFileType = sourcecode.cpp.cpp; path = "gtest-all.cc"; sourceTree = "<group>"; };
		D26E9EAE27A1ECD2001C1EFD /* CodeGenerator.cpp */ = {isa = PBXFileReference; fileEncoding = 4; lastKnownFileType = sourcecode.cpp.cpp; path = CodeGenerator.cpp; sourceTree = "<group>"; };
		D26E9EAF27A1ECD2001C1EFD /* WKJSBridgeCommunicator.hpp */ = {isa = PBXFileReference; fileEncoding = 4; lastKnownFileType = sourcecode.cpp.h; path = WKJSBridgeCommunicator.hpp; sourceTree = "<group>"; };
		D26E9EB027A1ECD2001C1EFD /* Bridge.hpp */ = {isa = PBXFileReference; fileEncoding = 4; lastKnownFileType = sourcecode.cpp.h; path = Bridge.hpp; sourceTree = "<group>"; };
		D26E9EB127A1ECD2001C1EFD /* CodeGenerator.hpp */ = {isa = PBXFileReference; fileEncoding = 4; lastKnownFileType = sourcecode.cpp.h; path = CodeGenerator.hpp; sourceTree = "<group>"; };
		D26E9EB227A1ECD2001C1EFD /* Bridge.cpp */ = {isa = PBXFileReference; fileEncoding = 4; lastKnownFileType = sourcecode.cpp.cpp; path = Bridge.cpp; sourceTree = "<group>"; };
		D26E9EB327A1ECD2001C1EFD /* WKJSBridgeCommunicator.mm */ = {isa = PBXFileReference; fileEncoding = 4; lastKnownFileType = sourcecode.cpp.objcpp; path = WKJSBridgeCommunicator.mm; sourceTree = "<group>"; };
		D26E9EC327A1EE5B001C1EFD /* json.hpp */ = {isa = PBXFileReference; lastKnownFileType = sourcecode.cpp.h; name = json.hpp; path = ../json.hpp; sourceTree = "<group>"; };
		D26E9EC727A1EE79001C1EFD /* TestJSBinding.hpp */ = {isa = PBXFileReference; lastKnownFileType = sourcecode.cpp.h; name = TestJSBinding.hpp; path = ../../tests/TestJSBinding.hpp; sourceTree = "<group>"; };
		D26E9ECB27A1EF62001C1EFD /* functionsTests.cpp */ = {isa = PBXFileReference; fileEncoding = 4; lastKnownFileType = sourcecode.cpp.cpp; name = functionsTests.cpp; path = ../../tests/functionsTests.cpp; sourceTree = "<group>"; };
		D28CDDD6277DD797009901AC /* BridgeExperiment.app */ = {isa = PBXFileReference; explicitFileType = wrapper.application; includeInIndex = 0; path = BridgeExperiment.app; sourceTree = BUILT_PRODUCTS_DIR; };
		D28CDDD9277DD797009901AC /* AppDelegate.h */ = {isa = PBXFileReference; lastKnownFileType = sourcecode.c.h; path = AppDelegate.h; sourceTree = "<group>"; };
		D28CDDDA277DD797009901AC /* AppDelegate.m */ = {isa = PBXFileReference; lastKnownFileType = sourcecode.c.objc; path = AppDelegate.m; sourceTree = "<group>"; };
		D28CDDDC277DD797009901AC /* ViewController.h */ = {isa = PBXFileReference; lastKnownFileType = sourcecode.c.h; path = ViewController.h; sourceTree = "<group>"; };
		D28CDDDF277DD79F009901AC /* Assets.xcassets */ = {isa = PBXFileReference; lastKnownFileType = folder.assetcatalog; path = Assets.xcassets; sourceTree = "<group>"; };
		D28CDDE2277DD79F009901AC /* Base */ = {isa = PBXFileReference; lastKnownFileType = file.storyboard; name = Base; path = Base.lproj/Main.storyboard; sourceTree = "<group>"; };
		D28CDDE4277DD79F009901AC /* Info.plist */ = {isa = PBXFileReference; lastKnownFileType = text.plist.xml; path = Info.plist; sourceTree = "<group>"; };
		D28CDDE5277DD79F009901AC /* main.m */ = {isa = PBXFileReference; lastKnownFileType = sourcecode.c.objc; path = main.m; sourceTree = "<group>"; };
		D28CDDE7277DD79F009901AC /* BridgeExperiment.entitlements */ = {isa = PBXFileReference; lastKnownFileType = text.plist.entitlements; path = BridgeExperiment.entitlements; sourceTree = "<group>"; };
		D28CDDEC277DD7A0009901AC /* BridgeExperimentTests.xctest */ = {isa = PBXFileReference; explicitFileType = wrapper.cfbundle; includeInIndex = 0; path = BridgeExperimentTests.xctest; sourceTree = BUILT_PRODUCTS_DIR; };
		D28CDDF0277DD7A0009901AC /* BridgeExperimentTests.mm */ = {isa = PBXFileReference; lastKnownFileType = sourcecode.cpp.objcpp; path = BridgeExperimentTests.mm; sourceTree = "<group>"; };
		D28CDDF2277DD7A0009901AC /* Info.plist */ = {isa = PBXFileReference; lastKnownFileType = text.plist.xml; path = Info.plist; sourceTree = "<group>"; };
		D28CDDF7277DD7A0009901AC /* BridgeExperimentUITests.xctest */ = {isa = PBXFileReference; explicitFileType = wrapper.cfbundle; includeInIndex = 0; path = BridgeExperimentUITests.xctest; sourceTree = BUILT_PRODUCTS_DIR; };
		D28CDDFB277DD7A0009901AC /* BridgeExperimentUITests.m */ = {isa = PBXFileReference; lastKnownFileType = sourcecode.c.objc; path = BridgeExperimentUITests.m; sourceTree = "<group>"; };
		D28CDDFD277DD7A0009901AC /* Info.plist */ = {isa = PBXFileReference; lastKnownFileType = text.plist.xml; path = Info.plist; sourceTree = "<group>"; };
		D28CDE0F277DD8D4009901AC /* index.html */ = {isa = PBXFileReference; fileEncoding = 4; lastKnownFileType = text.html; path = index.html; sourceTree = "<group>"; };
		D28CDE10277DD8D4009901AC /* ViewController.mm */ = {isa = PBXFileReference; fileEncoding = 4; lastKnownFileType = sourcecode.cpp.objcpp; path = ViewController.mm; sourceTree = "<group>"; };
		D28CDE30277DD963009901AC /* WebKit.framework */ = {isa = PBXFileReference; lastKnownFileType = wrapper.framework; name = WebKit.framework; path = System/Library/Frameworks/WebKit.framework; sourceTree = SDKROOT; };
		D2A1F5C62985797000266AF4 /* MessageDescriptor.hpp */ = {isa = PBXFileReference; lastKnownFileType = sourcecode.cpp.h; path = MessageDescriptor.hpp; sourceTree = "<group>"; };
		D2A1F5C8298579FF00266AF4 /* Helpers.hpp */ = {isa = PBXFileReference; lastKnownFileType = sourcecode.cpp.h; path = Helpers.hpp; sourceTree = "<group>"; };
		D2DFDC9527B030A400CFCD8D /* SignatureTests.cpp */ = {isa = PBXFileReference; fileEncoding = 4; lastKnownFileType = sourcecode.cpp.cpp; name = SignatureTests.cpp; path = ../../tests/SignatureTests.cpp; sourceTree = "<group>"; };
		D2DFDCA627BC49E300CFCD8D /* class_Tests.cpp */ = {isa = PBXFileReference; fileEncoding = 4; lastKnownFileType = sourcecode.cpp.cpp; name = class_Tests.cpp; path = ../../tests/class_Tests.cpp; sourceTree = "<group>"; };
		D2DFDCAB27BC49EC00CFCD8D /* valTests.cpp */ = {isa = PBXFileReference; fileEncoding = 4; lastKnownFileType = sourcecode.cpp.cpp; name = valTests.cpp; path = ../../tests/valTests.cpp; sourceTree = "<group>"; };
/* End PBXFileReference section */

/* Begin PBXFrameworksBuildPhase section */
		D28CDDD3277DD797009901AC /* Frameworks */ = {
			isa = PBXFrameworksBuildPhase;
			buildActionMask = 2147483647;
			files = (
				D28CDE31277DD963009901AC /* WebKit.framework in Frameworks */,
			);
			runOnlyForDeploymentPostprocessing = 0;
		};
		D28CDDE9277DD7A0009901AC /* Frameworks */ = {
			isa = PBXFrameworksBuildPhase;
			buildActionMask = 2147483647;
			files = (
			);
			runOnlyForDeploymentPostprocessing = 0;
		};
		D28CDDF4277DD7A0009901AC /* Frameworks */ = {
			isa = PBXFrameworksBuildPhase;
			buildActionMask = 2147483647;
			files = (
			);
			runOnlyForDeploymentPostprocessing = 0;
		};
/* End PBXFrameworksBuildPhase section */

/* Begin PBXGroup section */
		D26E9D40278A3E7A001C1EFD /* googletest */ = {
			isa = PBXGroup;
			children = (
				D26E9D9D278A3E7B001C1EFD /* include */,
				D26E9DCE278A3E7C001C1EFD /* src */,
			);
			name = googletest;
			path = ../../gtest/googletest;
			sourceTree = "<group>";
		};
		D26E9D9D278A3E7B001C1EFD /* include */ = {
			isa = PBXGroup;
			children = (
				D26E9D9E278A3E7B001C1EFD /* gtest */,
			);
			path = include;
			sourceTree = "<group>";
		};
		D26E9D9E278A3E7B001C1EFD /* gtest */ = {
			isa = PBXGroup;
			children = (
				D26E9D9F278A3E7B001C1EFD /* gtest-matchers.h */,
				D26E9DA0278A3E7B001C1EFD /* gtest-death-test.h */,
				D26E9DA1278A3E7B001C1EFD /* gtest-spi.h */,
				D26E9DA2278A3E7B001C1EFD /* internal */,
				D26E9DB0278A3E7B001C1EFD /* gtest-message.h */,
				D26E9DB1278A3E7B001C1EFD /* gtest-param-test.h */,
				D26E9DB2278A3E7B001C1EFD /* gtest-typed-test.h */,
				D26E9DB3278A3E7B001C1EFD /* gtest_pred_impl.h */,
				D26E9DB4278A3E7B001C1EFD /* gtest_prod.h */,
				D26E9DB5278A3E7B001C1EFD /* gtest-test-part.h */,
				D26E9DB6278A3E7B001C1EFD /* gtest.h */,
				D26E9DB7278A3E7B001C1EFD /* gtest-printers.h */,
			);
			path = gtest;
			sourceTree = "<group>";
		};
		D26E9DA2278A3E7B001C1EFD /* internal */ = {
			isa = PBXGroup;
			children = (
				D26E9DA3278A3E7B001C1EFD /* gtest-string.h */,
				D26E9DA4278A3E7B001C1EFD /* gtest-death-test-internal.h */,
				D26E9DA5278A3E7B001C1EFD /* gtest-port.h */,
				D26E9DA6278A3E7B001C1EFD /* gtest-port-arch.h */,
				D26E9DA7278A3E7B001C1EFD /* gtest-internal.h */,
				D26E9DA8278A3E7B001C1EFD /* gtest-param-util.h */,
				D26E9DA9278A3E7B001C1EFD /* gtest-type-util.h */,
				D26E9DAA278A3E7B001C1EFD /* gtest-filepath.h */,
				D26E9DAB278A3E7B001C1EFD /* custom */,
			);
			path = internal;
			sourceTree = "<group>";
		};
		D26E9DAB278A3E7B001C1EFD /* custom */ = {
			isa = PBXGroup;
			children = (
				D26E9DAC278A3E7B001C1EFD /* gtest-port.h */,
				D26E9DAD278A3E7B001C1EFD /* README.md */,
				D26E9DAE278A3E7B001C1EFD /* gtest.h */,
				D26E9DAF278A3E7B001C1EFD /* gtest-printers.h */,
			);
			path = custom;
			sourceTree = "<group>";
		};
		D26E9DCE278A3E7C001C1EFD /* src */ = {
			isa = PBXGroup;
			children = (
				D26E9DD7278A3E7C001C1EFD /* gtest-all.cc */,
			);
			path = src;
			sourceTree = "<group>";
		};
		D26E9EAD27A1ECD2001C1EFD /* jsb */ = {
			isa = PBXGroup;
			children = (
				D26E9EB227A1ECD2001C1EFD /* Bridge.cpp */,
				D26E9EB027A1ECD2001C1EFD /* Bridge.hpp */,
				D26E9EAE27A1ECD2001C1EFD /* CodeGenerator.cpp */,
				D26E9EB127A1ECD2001C1EFD /* CodeGenerator.hpp */,
				D2A1F5C8298579FF00266AF4 /* Helpers.hpp */,
				D2A1F5C62985797000266AF4 /* MessageDescriptor.hpp */,
				D26E9EAF27A1ECD2001C1EFD /* WKJSBridgeCommunicator.hpp */,
				D26E9EB327A1ECD2001C1EFD /* WKJSBridgeCommunicator.mm */,
			);
			name = jsb;
			path = ../jsb;
			sourceTree = "<group>";
		};
		D28CDDCD277DD797009901AC = {
			isa = PBXGroup;
			children = (
				35F2FD3A277DDD2900344720 /* README.md */,
				D26E9EC327A1EE5B001C1EFD /* json.hpp */,
				D26E9EAD27A1ECD2001C1EFD /* jsb */,
				D28CDDD8277DD797009901AC /* BridgeExperiment */,
				D28CDDEF277DD7A0009901AC /* BridgeExperimentTests */,
				D28CDDFA277DD7A0009901AC /* BridgeExperimentUITests */,
				D28CDDD7277DD797009901AC /* Products */,
				D28CDE2F277DD963009901AC /* Frameworks */,
			);
			sourceTree = "<group>";
		};
		D28CDDD7277DD797009901AC /* Products */ = {
			isa = PBXGroup;
			children = (
				D28CDDD6277DD797009901AC /* BridgeExperiment.app */,
				D28CDDEC277DD7A0009901AC /* BridgeExperimentTests.xctest */,
				D28CDDF7277DD7A0009901AC /* BridgeExperimentUITests.xctest */,
			);
			name = Products;
			sourceTree = "<group>";
		};
		D28CDDD8277DD797009901AC /* BridgeExperiment */ = {
			isa = PBXGroup;
			children = (
				D28CDE0F277DD8D4009901AC /* index.html */,
				4FD530E12B90AED500086081 /* filesystem.js */,
				4F0242792B9612A90083B22D /* filesystem.hpp */,
				D28CDDD9277DD797009901AC /* AppDelegate.h */,
				D28CDDDA277DD797009901AC /* AppDelegate.m */,
				D28CDDDC277DD797009901AC /* ViewController.h */,
				D28CDE10277DD8D4009901AC /* ViewController.mm */,
				D26E9EC727A1EE79001C1EFD /* TestJSBinding.hpp */,
				D28CDDDF277DD79F009901AC /* Assets.xcassets */,
				D28CDDE1277DD79F009901AC /* Main.storyboard */,
				D28CDDE4277DD79F009901AC /* Info.plist */,
				D28CDDE5277DD79F009901AC /* main.m */,
				D28CDDE7277DD79F009901AC /* BridgeExperiment.entitlements */,
			);
			path = BridgeExperiment;
			sourceTree = "<group>";
		};
		D28CDDEF277DD7A0009901AC /* BridgeExperimentTests */ = {
			isa = PBXGroup;
			children = (
				D26E9D40278A3E7A001C1EFD /* googletest */,
				D28CDDF0277DD7A0009901AC /* BridgeExperimentTests.mm */,
				D2DFDCA627BC49E300CFCD8D /* class_Tests.cpp */,
				D26E9ECB27A1EF62001C1EFD /* functionsTests.cpp */,
				D2DFDC9527B030A400CFCD8D /* SignatureTests.cpp */,
				D26E9CC0278A34EA001C1EFD /* TestJSClassGenerator.cpp */,
				D2DFDCAB27BC49EC00CFCD8D /* valTests.cpp */,
				D28CDDF2277DD7A0009901AC /* Info.plist */,
			);
			path = BridgeExperimentTests;
			sourceTree = "<group>";
		};
		D28CDDFA277DD7A0009901AC /* BridgeExperimentUITests */ = {
			isa = PBXGroup;
			children = (
				D28CDDFB277DD7A0009901AC /* BridgeExperimentUITests.m */,
				D28CDDFD277DD7A0009901AC /* Info.plist */,
			);
			path = BridgeExperimentUITests;
			sourceTree = "<group>";
		};
		D28CDE2F277DD963009901AC /* Frameworks */ = {
			isa = PBXGroup;
			children = (
				D28CDE30277DD963009901AC /* WebKit.framework */,
			);
			name = Frameworks;
			sourceTree = "<group>";
		};
/* End PBXGroup section */

/* Begin PBXNativeTarget section */
		D28CDDD5277DD797009901AC /* BridgeExperiment */ = {
			isa = PBXNativeTarget;
			buildConfigurationList = D28CDE00277DD7A0009901AC /* Build configuration list for PBXNativeTarget "BridgeExperiment" */;
			buildPhases = (
				D28CDDD2277DD797009901AC /* Sources */,
				D28CDDD3277DD797009901AC /* Frameworks */,
				D28CDDD4277DD797009901AC /* Resources */,
			);
			buildRules = (
			);
			dependencies = (
			);
			name = BridgeExperiment;
			productName = BridgeExperiment;
			productReference = D28CDDD6277DD797009901AC /* BridgeExperiment.app */;
			productType = "com.apple.product-type.application";
		};
		D28CDDEB277DD7A0009901AC /* BridgeExperimentTests */ = {
			isa = PBXNativeTarget;
			buildConfigurationList = D28CDE03277DD7A0009901AC /* Build configuration list for PBXNativeTarget "BridgeExperimentTests" */;
			buildPhases = (
				D28CDDE8277DD7A0009901AC /* Sources */,
				D28CDDE9277DD7A0009901AC /* Frameworks */,
				D28CDDEA277DD7A0009901AC /* Resources */,
			);
			buildRules = (
			);
			dependencies = (
				D28CDDEE277DD7A0009901AC /* PBXTargetDependency */,
			);
			name = BridgeExperimentTests;
			productName = BridgeExperimentTests;
			productReference = D28CDDEC277DD7A0009901AC /* BridgeExperimentTests.xctest */;
			productType = "com.apple.product-type.bundle.unit-test";
		};
		D28CDDF6277DD7A0009901AC /* BridgeExperimentUITests */ = {
			isa = PBXNativeTarget;
			buildConfigurationList = D28CDE06277DD7A0009901AC /* Build configuration list for PBXNativeTarget "BridgeExperimentUITests" */;
			buildPhases = (
				D28CDDF3277DD7A0009901AC /* Sources */,
				D28CDDF4277DD7A0009901AC /* Frameworks */,
				D28CDDF5277DD7A0009901AC /* Resources */,
			);
			buildRules = (
			);
			dependencies = (
				D28CDDF9277DD7A0009901AC /* PBXTargetDependency */,
			);
			name = BridgeExperimentUITests;
			productName = BridgeExperimentUITests;
			productReference = D28CDDF7277DD7A0009901AC /* BridgeExperimentUITests.xctest */;
			productType = "com.apple.product-type.bundle.ui-testing";
		};
/* End PBXNativeTarget section */

/* Begin PBXProject section */
		D28CDDCE277DD797009901AC /* Project object */ = {
			isa = PBXProject;
			attributes = {
				LastUpgradeCheck = 1410;
				TargetAttributes = {
					D28CDDD5277DD797009901AC = {
						CreatedOnToolsVersion = 12.4;
					};
					D28CDDEB277DD7A0009901AC = {
						CreatedOnToolsVersion = 12.4;
						TestTargetID = D28CDDD5277DD797009901AC;
					};
					D28CDDF6277DD7A0009901AC = {
						CreatedOnToolsVersion = 12.4;
						TestTargetID = D28CDDD5277DD797009901AC;
					};
				};
			};
			buildConfigurationList = D28CDDD1277DD797009901AC /* Build configuration list for PBXProject "BridgeExperiment" */;
			compatibilityVersion = "Xcode 9.3";
			developmentRegion = en;
			hasScannedForEncodings = 0;
			knownRegions = (
				en,
				Base,
			);
			mainGroup = D28CDDCD277DD797009901AC;
			productRefGroup = D28CDDD7277DD797009901AC /* Products */;
			projectDirPath = "";
			projectRoot = "";
			targets = (
				D28CDDD5277DD797009901AC /* BridgeExperiment */,
				D28CDDEB277DD7A0009901AC /* BridgeExperimentTests */,
				D28CDDF6277DD7A0009901AC /* BridgeExperimentUITests */,
			);
		};
/* End PBXProject section */

/* Begin PBXResourcesBuildPhase section */
		D28CDDD4277DD797009901AC /* Resources */ = {
			isa = PBXResourcesBuildPhase;
			buildActionMask = 2147483647;
			files = (
				D28CDE17277DD8D5009901AC /* index.html in Resources */,
				4FD530E22B90AED500086081 /* filesystem.js in Resources */,
				D28CDDE0277DD79F009901AC /* Assets.xcassets in Resources */,
				D28CDDE3277DD79F009901AC /* Main.storyboard in Resources */,
			);
			runOnlyForDeploymentPostprocessing = 0;
		};
		D28CDDEA277DD7A0009901AC /* Resources */ = {
			isa = PBXResourcesBuildPhase;
			buildActionMask = 2147483647;
			files = (
				D26E9E31278A3E7C001C1EFD /* README.md in Resources */,
			);
			runOnlyForDeploymentPostprocessing = 0;
		};
		D28CDDF5277DD7A0009901AC /* Resources */ = {
			isa = PBXResourcesBuildPhase;
			buildActionMask = 2147483647;
			files = (
			);
			runOnlyForDeploymentPostprocessing = 0;
		};
/* End PBXResourcesBuildPhase section */

/* Begin PBXSourcesBuildPhase section */
		D28CDDD2277DD797009901AC /* Sources */ = {
			isa = PBXSourcesBuildPhase;
			buildActionMask = 2147483647;
			files = (
				D28CDDE6277DD79F009901AC /* main.m in Sources */,
				D28CDDDB277DD797009901AC /* AppDelegate.m in Sources */,
				D26E9EB627A1ECD2001C1EFD /* Bridge.cpp in Sources */,
				D28CDE18277DD8D5009901AC /* ViewController.mm in Sources */,
				D26E9EB827A1ECD2001C1EFD /* WKJSBridgeCommunicator.mm in Sources */,
				D26E9EB427A1ECD2001C1EFD /* CodeGenerator.cpp in Sources */,
			);
			runOnlyForDeploymentPostprocessing = 0;
		};
		D28CDDE8277DD7A0009901AC /* Sources */ = {
			isa = PBXSourcesBuildPhase;
			buildActionMask = 2147483647;
			files = (
				D26E9EB927A1ECD2001C1EFD /* WKJSBridgeCommunicator.mm in Sources */,
				D2DFDC9627B030A400CFCD8D /* SignatureTests.cpp in Sources */,
				D28CDDF1277DD7A0009901AC /* BridgeExperimentTests.mm in Sources */,
				D2DFDCAC27BC49EC00CFCD8D /* valTests.cpp in Sources */,
				D26E9EB727A1ECD2001C1EFD /* Bridge.cpp in Sources */,
				D2DFDCA727BC49E300CFCD8D /* class_Tests.cpp in Sources */,
				D26E9EB527A1ECD2001C1EFD /* CodeGenerator.cpp in Sources */,
				D26E9CC2278A34EA001C1EFD /* TestJSClassGenerator.cpp in Sources */,
				D26E9E48278A3E7C001C1EFD /* gtest-all.cc in Sources */,
				D26E9ECD27A1EF62001C1EFD /* functionsTests.cpp in Sources */,
			);
			runOnlyForDeploymentPostprocessing = 0;
		};
		D28CDDF3277DD7A0009901AC /* Sources */ = {
			isa = PBXSourcesBuildPhase;
			buildActionMask = 2147483647;
			files = (
				D28CDDFC277DD7A0009901AC /* BridgeExperimentUITests.m in Sources */,
			);
			runOnlyForDeploymentPostprocessing = 0;
		};
/* End PBXSourcesBuildPhase section */

/* Begin PBXTargetDependency section */
		D28CDDEE277DD7A0009901AC /* PBXTargetDependency */ = {
			isa = PBXTargetDependency;
			target = D28CDDD5277DD797009901AC /* BridgeExperiment */;
			targetProxy = D28CDDED277DD7A0009901AC /* PBXContainerItemProxy */;
		};
		D28CDDF9277DD7A0009901AC /* PBXTargetDependency */ = {
			isa = PBXTargetDependency;
			target = D28CDDD5277DD797009901AC /* BridgeExperiment */;
			targetProxy = D28CDDF8277DD7A0009901AC /* PBXContainerItemProxy */;
		};
/* End PBXTargetDependency section */

/* Begin PBXVariantGroup section */
		D28CDDE1277DD79F009901AC /* Main.storyboard */ = {
			isa = PBXVariantGroup;
			children = (
				D28CDDE2277DD79F009901AC /* Base */,
			);
			name = Main.storyboard;
			sourceTree = "<group>";
		};
/* End PBXVariantGroup section */

/* Begin XCBuildConfiguration section */
		D28CDDFE277DD7A0009901AC /* Debug */ = {
			isa = XCBuildConfiguration;
			buildSettings = {
				ALWAYS_SEARCH_USER_PATHS = NO;
				CLANG_ANALYZER_NONNULL = YES;
				CLANG_ANALYZER_NUMBER_OBJECT_CONVERSION = YES_AGGRESSIVE;
				CLANG_CXX_LANGUAGE_STANDARD = "gnu++17";
				CLANG_CXX_LIBRARY = "libc++";
				CLANG_ENABLE_MODULES = YES;
				CLANG_ENABLE_OBJC_ARC = YES;
				CLANG_ENABLE_OBJC_WEAK = YES;
				CLANG_WARN_BLOCK_CAPTURE_AUTORELEASING = YES;
				CLANG_WARN_BOOL_CONVERSION = YES;
				CLANG_WARN_COMMA = YES;
				CLANG_WARN_CONSTANT_CONVERSION = YES;
				CLANG_WARN_DEPRECATED_OBJC_IMPLEMENTATIONS = YES;
				CLANG_WARN_DIRECT_OBJC_ISA_USAGE = YES_ERROR;
				CLANG_WARN_DOCUMENTATION_COMMENTS = YES;
				CLANG_WARN_EMPTY_BODY = YES;
				CLANG_WARN_ENUM_CONVERSION = YES;
				CLANG_WARN_INFINITE_RECURSION = YES;
				CLANG_WARN_INT_CONVERSION = YES;
				CLANG_WARN_NON_LITERAL_NULL_CONVERSION = YES;
				CLANG_WARN_OBJC_IMPLICIT_RETAIN_SELF = YES;
				CLANG_WARN_OBJC_LITERAL_CONVERSION = YES;
				CLANG_WARN_OBJC_ROOT_CLASS = YES_ERROR;
				CLANG_WARN_QUOTED_INCLUDE_IN_FRAMEWORK_HEADER = YES;
				CLANG_WARN_RANGE_LOOP_ANALYSIS = YES;
				CLANG_WARN_STRICT_PROTOTYPES = YES;
				CLANG_WARN_SUSPICIOUS_MOVE = YES;
				CLANG_WARN_UNGUARDED_AVAILABILITY = YES_AGGRESSIVE;
				CLANG_WARN_UNREACHABLE_CODE = YES;
				CLANG_WARN__DUPLICATE_METHOD_MATCH = YES;
				COPY_PHASE_STRIP = NO;
				DEAD_CODE_STRIPPING = YES;
				DEBUG_INFORMATION_FORMAT = dwarf;
				ENABLE_STRICT_OBJC_MSGSEND = YES;
				ENABLE_TESTABILITY = YES;
				GCC_C_LANGUAGE_STANDARD = gnu11;
				GCC_DYNAMIC_NO_PIC = NO;
				GCC_NO_COMMON_BLOCKS = YES;
				GCC_OPTIMIZATION_LEVEL = 0;
				GCC_PREPROCESSOR_DEFINITIONS = (
					"DEBUG=1",
					"$(inherited)",
				);
				GCC_WARN_64_TO_32_BIT_CONVERSION = YES;
				GCC_WARN_ABOUT_RETURN_TYPE = YES_ERROR;
				GCC_WARN_UNDECLARED_SELECTOR = YES;
				GCC_WARN_UNINITIALIZED_AUTOS = YES_AGGRESSIVE;
				GCC_WARN_UNUSED_FUNCTION = YES;
				GCC_WARN_UNUSED_VARIABLE = YES;
				MACOSX_DEPLOYMENT_TARGET = 10.15;
				MTL_ENABLE_DEBUG_INFO = INCLUDE_SOURCE;
				MTL_FAST_MATH = YES;
				ONLY_ACTIVE_ARCH = YES;
				SDKROOT = macosx;
			};
			name = Debug;
		};
		D28CDDFF277DD7A0009901AC /* Release */ = {
			isa = XCBuildConfiguration;
			buildSettings = {
				ALWAYS_SEARCH_USER_PATHS = NO;
				CLANG_ANALYZER_NONNULL = YES;
				CLANG_ANALYZER_NUMBER_OBJECT_CONVERSION = YES_AGGRESSIVE;
				CLANG_CXX_LANGUAGE_STANDARD = "gnu++17";
				CLANG_CXX_LIBRARY = "libc++";
				CLANG_ENABLE_MODULES = YES;
				CLANG_ENABLE_OBJC_ARC = YES;
				CLANG_ENABLE_OBJC_WEAK = YES;
				CLANG_WARN_BLOCK_CAPTURE_AUTORELEASING = YES;
				CLANG_WARN_BOOL_CONVERSION = YES;
				CLANG_WARN_COMMA = YES;
				CLANG_WARN_CONSTANT_CONVERSION = YES;
				CLANG_WARN_DEPRECATED_OBJC_IMPLEMENTATIONS = YES;
				CLANG_WARN_DIRECT_OBJC_ISA_USAGE = YES_ERROR;
				CLANG_WARN_DOCUMENTATION_COMMENTS = YES;
				CLANG_WARN_EMPTY_BODY = YES;
				CLANG_WARN_ENUM_CONVERSION = YES;
				CLANG_WARN_INFINITE_RECURSION = YES;
				CLANG_WARN_INT_CONVERSION = YES;
				CLANG_WARN_NON_LITERAL_NULL_CONVERSION = YES;
				CLANG_WARN_OBJC_IMPLICIT_RETAIN_SELF = YES;
				CLANG_WARN_OBJC_LITERAL_CONVERSION = YES;
				CLANG_WARN_OBJC_ROOT_CLASS = YES_ERROR;
				CLANG_WARN_QUOTED_INCLUDE_IN_FRAMEWORK_HEADER = YES;
				CLANG_WARN_RANGE_LOOP_ANALYSIS = YES;
				CLANG_WARN_STRICT_PROTOTYPES = YES;
				CLANG_WARN_SUSPICIOUS_MOVE = YES;
				CLANG_WARN_UNGUARDED_AVAILABILITY = YES_AGGRESSIVE;
				CLANG_WARN_UNREACHABLE_CODE = YES;
				CLANG_WARN__DUPLICATE_METHOD_MATCH = YES;
				COPY_PHASE_STRIP = NO;
				DEAD_CODE_STRIPPING = YES;
				DEBUG_INFORMATION_FORMAT = "dwarf-with-dsym";
				ENABLE_NS_ASSERTIONS = NO;
				ENABLE_STRICT_OBJC_MSGSEND = YES;
				GCC_C_LANGUAGE_STANDARD = gnu11;
				GCC_NO_COMMON_BLOCKS = YES;
				GCC_WARN_64_TO_32_BIT_CONVERSION = YES;
				GCC_WARN_ABOUT_RETURN_TYPE = YES_ERROR;
				GCC_WARN_UNDECLARED_SELECTOR = YES;
				GCC_WARN_UNINITIALIZED_AUTOS = YES_AGGRESSIVE;
				GCC_WARN_UNUSED_FUNCTION = YES;
				GCC_WARN_UNUSED_VARIABLE = YES;
				MACOSX_DEPLOYMENT_TARGET = 10.15;
				MTL_ENABLE_DEBUG_INFO = NO;
				MTL_FAST_MATH = YES;
				SDKROOT = macosx;
			};
			name = Release;
		};
		D28CDE01277DD7A0009901AC /* Debug */ = {
			isa = XCBuildConfiguration;
			buildSettings = {
				ASSETCATALOG_COMPILER_APPICON_NAME = AppIcon;
				ASSETCATALOG_COMPILER_GLOBAL_ACCENT_COLOR_NAME = AccentColor;
				CODE_SIGN_ENTITLEMENTS = BridgeExperiment/BridgeExperiment.entitlements;
				CODE_SIGN_IDENTITY = "-";
				"CODE_SIGN_IDENTITY[sdk=macosx*]" = "Apple Development";
				CODE_SIGN_STYLE = Automatic;
				COMBINE_HIDPI_IMAGES = YES;
				DEAD_CODE_STRIPPING = YES;
				DEVELOPMENT_TEAM = 4EWJ52878E;
				ENABLE_HARDENED_RUNTIME = YES;
				INFOPLIST_FILE = BridgeExperiment/Info.plist;
				LD_RUNPATH_SEARCH_PATHS = (
					"$(inherited)",
					"@executable_path/../Frameworks",
				);
				PRODUCT_BUNDLE_IDENTIFIER = com.sakrist.BridgeExperiment;
				PRODUCT_NAME = "$(TARGET_NAME)";
			};
			name = Debug;
		};
		D28CDE02277DD7A0009901AC /* Release */ = {
			isa = XCBuildConfiguration;
			buildSettings = {
				ASSETCATALOG_COMPILER_APPICON_NAME = AppIcon;
				ASSETCATALOG_COMPILER_GLOBAL_ACCENT_COLOR_NAME = AccentColor;
				CODE_SIGN_ENTITLEMENTS = BridgeExperiment/BridgeExperiment.entitlements;
				CODE_SIGN_IDENTITY = "-";
				"CODE_SIGN_IDENTITY[sdk=macosx*]" = "Apple Development";
				CODE_SIGN_STYLE = Automatic;
				COMBINE_HIDPI_IMAGES = YES;
				DEAD_CODE_STRIPPING = YES;
				DEVELOPMENT_TEAM = 4EWJ52878E;
				ENABLE_HARDENED_RUNTIME = YES;
				INFOPLIST_FILE = BridgeExperiment/Info.plist;
				LD_RUNPATH_SEARCH_PATHS = (
					"$(inherited)",
					"@executable_path/../Frameworks",
				);
				PRODUCT_BUNDLE_IDENTIFIER = com.sakrist.BridgeExperiment;
				PRODUCT_NAME = "$(TARGET_NAME)";
			};
			name = Release;
		};
		D28CDE04277DD7A0009901AC /* Debug */ = {
			isa = XCBuildConfiguration;
			buildSettings = {
				BUNDLE_LOADER = "$(TEST_HOST)";
				"CODE_SIGN_IDENTITY[sdk=macosx*]" = "Apple Development";
				CODE_SIGN_STYLE = Automatic;
				COMBINE_HIDPI_IMAGES = YES;
				DEAD_CODE_STRIPPING = YES;
				DEVELOPMENT_TEAM = 4EWJ52878E;
				HEADER_SEARCH_PATHS = (
					$SRCROOT/../gtest/googletest/include,
					"$SRCROOT/../gtest/googletest/**",
				);
				INFOPLIST_FILE = BridgeExperimentTests/Info.plist;
				LD_RUNPATH_SEARCH_PATHS = (
					"$(inherited)",
					"@executable_path/../Frameworks",
					"@loader_path/../Frameworks",
				);
				MACOSX_DEPLOYMENT_TARGET = 10.15;
				PRODUCT_BUNDLE_IDENTIFIER = com.sakrist.BridgeExperimentTests;
				PRODUCT_NAME = "$(TARGET_NAME)";
				TEST_HOST = "$(BUILT_PRODUCTS_DIR)/BridgeExperiment.app/Contents/MacOS/BridgeExperiment";
			};
			name = Debug;
		};
		D28CDE05277DD7A0009901AC /* Release */ = {
			isa = XCBuildConfiguration;
			buildSettings = {
				BUNDLE_LOADER = "$(TEST_HOST)";
				"CODE_SIGN_IDENTITY[sdk=macosx*]" = "Apple Development";
				CODE_SIGN_STYLE = Automatic;
				COMBINE_HIDPI_IMAGES = YES;
				DEAD_CODE_STRIPPING = YES;
				DEVELOPMENT_TEAM = 4EWJ52878E;
				HEADER_SEARCH_PATHS = (
					$SRCROOT/../gtest/googletest/include,
					"$SRCROOT/../gtest/googletest/**",
				);
				INFOPLIST_FILE = BridgeExperimentTests/Info.plist;
				LD_RUNPATH_SEARCH_PATHS = (
					"$(inherited)",
					"@executable_path/../Frameworks",
					"@loader_path/../Frameworks",
				);
				MACOSX_DEPLOYMENT_TARGET = 10.15;
				PRODUCT_BUNDLE_IDENTIFIER = com.sakrist.BridgeExperimentTests;
				PRODUCT_NAME = "$(TARGET_NAME)";
				TEST_HOST = "$(BUILT_PRODUCTS_DIR)/BridgeExperiment.app/Contents/MacOS/BridgeExperiment";
			};
			name = Release;
		};
		D28CDE07277DD7A0009901AC /* Debug */ = {
			isa = XCBuildConfiguration;
			buildSettings = {
				CODE_SIGN_IDENTITY = "Apple Development";
				"CODE_SIGN_IDENTITY[sdk=macosx*]" = "-";
				CODE_SIGN_STYLE = Automatic;
				COMBINE_HIDPI_IMAGES = YES;
				DEAD_CODE_STRIPPING = YES;
				DEVELOPMENT_TEAM = DHKZ7WR43P;
				INFOPLIST_FILE = BridgeExperimentUITests/Info.plist;
				LD_RUNPATH_SEARCH_PATHS = (
					"$(inherited)",
					"@executable_path/../Frameworks",
					"@loader_path/../Frameworks",
				);
				PRODUCT_BUNDLE_IDENTIFIER = com.sakrist.BridgeExperimentUITests;
				PRODUCT_NAME = "$(TARGET_NAME)";
				PROVISIONING_PROFILE_SPECIFIER = "";
				TEST_TARGET_NAME = BridgeExperiment;
			};
			name = Debug;
		};
		D28CDE08277DD7A0009901AC /* Release */ = {
			isa = XCBuildConfiguration;
			buildSettings = {
				CODE_SIGN_IDENTITY = "Apple Development";
				"CODE_SIGN_IDENTITY[sdk=macosx*]" = "-";
				CODE_SIGN_STYLE = Automatic;
				COMBINE_HIDPI_IMAGES = YES;
				DEAD_CODE_STRIPPING = YES;
				DEVELOPMENT_TEAM = DHKZ7WR43P;
				INFOPLIST_FILE = BridgeExperimentUITests/Info.plist;
				LD_RUNPATH_SEARCH_PATHS = (
					"$(inherited)",
					"@executable_path/../Frameworks",
					"@loader_path/../Frameworks",
				);
				PRODUCT_BUNDLE_IDENTIFIER = com.sakrist.BridgeExperimentUITests;
				PRODUCT_NAME = "$(TARGET_NAME)";
				PROVISIONING_PROFILE_SPECIFIER = "";
				TEST_TARGET_NAME = BridgeExperiment;
			};
			name = Release;
		};
/* End XCBuildConfiguration section */

/* Begin XCConfigurationList section */
		D28CDDD1277DD797009901AC /* Build configuration list for PBXProject "BridgeExperiment" */ = {
			isa = XCConfigurationList;
			buildConfigurations = (
				D28CDDFE277DD7A0009901AC /* Debug */,
				D28CDDFF277DD7A0009901AC /* Release */,
			);
			defaultConfigurationIsVisible = 0;
			defaultConfigurationName = Release;
		};
		D28CDE00277DD7A0009901AC /* Build configuration list for PBXNativeTarget "BridgeExperiment" */ = {
			isa = XCConfigurationList;
			buildConfigurations = (
				D28CDE01277DD7A0009901AC /* Debug */,
				D28CDE02277DD7A0009901AC /* Release */,
			);
			defaultConfigurationIsVisible = 0;
			defaultConfigurationName = Release;
		};
		D28CDE03277DD7A0009901AC /* Build configuration list for PBXNativeTarget "BridgeExperimentTests" */ = {
			isa = XCConfigurationList;
			buildConfigurations = (
				D28CDE04277DD7A0009901AC /* Debug */,
				D28CDE05277DD7A0009901AC /* Release */,
			);
			defaultConfigurationIsVisible = 0;
			defaultConfigurationName = Release;
		};
		D28CDE06277DD7A0009901AC /* Build configuration list for PBXNativeTarget "BridgeExperimentUITests" */ = {
			isa = XCConfigurationList;
			buildConfigurations = (
				D28CDE07277DD7A0009901AC /* Debug */,
				D28CDE08277DD7A0009901AC /* Release */,
			);
			defaultConfigurationIsVisible = 0;
			defaultConfigurationName = Release;
		};
/* End XCConfigurationList section */
	};
	rootObject = D28CDDCE277DD797009901AC /* Project object */;
}
